
Microsoft Visual Studio Solution File, Format Version 12.00
# Visual Studio Version 16
VisualStudioVersion = 16.0.30114.105
MinimumVisualStudioVersion = 10.0.40219.1
Project("{FAE04EC0-301F-11D3-BF4B-00C04F79EFBC}") = "IrrigCtlApiTest", "IrrigCtlApiTest\IrrigCtlApiTest.csproj", "{D0701C32-3242-4571-8867-48A31465607E}"
EndProject
Global
	GlobalSection(SolutionConfigurationPlatforms) = preSolution
		Debug|Any CPU = Debug|Any CPU
		Release|Any CPU = Release|Any CPU
	EndGlobalSection
	GlobalSection(ProjectConfigurationPlatforms) = postSolution
		{D0701C32-3242-4571-8867-48A31465607E}.Debug|Any CPU.ActiveCfg = Debug|Any CPU
		{D0701C32-3242-4571-8867-48A31465607E}.Debug|Any CPU.Build.0 = Debug|Any CPU
		{D0701C32-3242-4571-8867-48A31465607E}.Release|Any CPU.ActiveCfg = Release|Any CPU
		{D0701C32-3242-4571-8867-48A31465607E}.Release|Any CPU.Build.0 = Release|Any CPU
	EndGlobalSection
	GlobalSection(SolutionProperties) = preSolution
		HideSolutionNode = FALSE
	EndGlobalSection
	GlobalSection(ExtensibilityGlobals) = postSolution
		SolutionGuid = {3B41A133-E6BC-44F2-933C-D9DE2E5EAEAC}
	EndGlobalSection
EndGlobal
